{
    "name": "minlare-portfolio",
    "version": "1.0.0",
    "lockfileVersion": 1,
    "requires": true,
    "dependencies": {
        "outeredge-sass": {
            "version": "1.0.1",
            "resolved": "https://registry.npmjs.org/outeredge-sass/-/outeredge-sass-1.0.1.tgz",
            "integrity": "sha1-MX4rNTsVm+DAFfI7gHIBVYjKBJA="
        }
    }
}
